
Microsoft Visual Studio Solution File, Format Version 10.00
# Visual Studio 2008
Project("{FAE04EC0-301F-11D3-BF4B-00C04F79EFBC}") = "XBMCUpdate", "XBMCUpdate\XBMCUpdate.csproj", "{52401136-103C-4D04-9315-924C49106068}"
EndProject
Project("{FAE04EC0-301F-11D3-BF4B-00C04F79EFBC}") = "SelfUpdate", "SelfUpdate\SelfUpdate.csproj", "{CC5D4D63-62F6-42FB-8617-DCA7859678C0}"
EndProject
Global
	GlobalSection(SolutionConfigurationPlatforms) = preSolution
		Debug|Any CPU = Debug|Any CPU
		Release|Any CPU = Release|Any CPU
	EndGlobalSection
	GlobalSection(ProjectConfigurationPlatforms) = postSolution
		{52401136-103C-4D04-9315-924C49106068}.Debug|Any CPU.ActiveCfg = Debug|Any CPU
		{52401136-103C-4D04-9315-924C49106068}.Debug|Any CPU.Build.0 = Debug|Any CPU
		{52401136-103C-4D04-9315-924C49106068}.Release|Any CPU.ActiveCfg = Release|Any CPU
		{52401136-103C-4D04-9315-924C49106068}.Release|Any CPU.Build.0 = Release|Any CPU
		{CC5D4D63-62F6-42FB-8617-DCA7859678C0}.Debug|Any CPU.ActiveCfg = Debug|Any CPU
		{CC5D4D63-62F6-42FB-8617-DCA7859678C0}.Debug|Any CPU.Build.0 = Debug|Any CPU
		{CC5D4D63-62F6-42FB-8617-DCA7859678C0}.Release|Any CPU.ActiveCfg = Release|Any CPU
		{CC5D4D63-62F6-42FB-8617-DCA7859678C0}.Release|Any CPU.Build.0 = Release|Any CPU
	EndGlobalSection
	GlobalSection(SolutionProperties) = preSolution
		HideSolutionNode = FALSE
	EndGlobalSection
EndGlobal
